
Microsoft Visual Studio Solution File, Format Version 12.00
# Visual Studio 15
VisualStudioVersion = 15.0.27703.2042
MinimumVisualStudioVersion = 10.0.40219.1
Project("{FAE04EC0-301F-11D3-BF4B-00C04F79EFBC}") = "NhSnippets", "NhSnippets\NhSnippets.csproj", "{27716A22-4959-4A81-B1ED-F6CAD46B68F4}"
EndProject
Project("{FAE04EC0-301F-11D3-BF4B-00C04F79EFBC}") = "NhSnippets.FluentNHibernate", "NhSnippets.FluentNHibernate\NhSnippets.FluentNHibernate.csproj", "{80CDD23F-DA5A-4C71-8774-29DFCB7010D5}"
EndProject
Project("{FAE04EC0-301F-11D3-BF4B-00C04F79EFBC}") = "NhSnippets.FluentNHibernate.Tests", "NhSnippets.FluentNHibernate.Tests\NhSnippets.FluentNHibernate.Tests.csproj", "{8B0D9059-A6F7-4611-9B64-C6D7F3CE41EB}"
EndProject
Project("{FAE04EC0-301F-11D3-BF4B-00C04F79EFBC}") = "NhSnippets.NhXml", "NhSnippets.NhXml\NhSnippets.NhXml.csproj", "{366D6B6A-E167-4C99-A102-FBF3F7094FA7}"
EndProject
Project("{FAE04EC0-301F-11D3-BF4B-00C04F79EFBC}") = "NhSnippets.NhXml.Tests", "NhSnippets.NhXml.Tests\NhSnippets.NhXml.Tests.csproj", "{A89A12B8-8A71-4025-9475-C714BFF5F703}"
EndProject
Global
	GlobalSection(SolutionConfigurationPlatforms) = preSolution
		Debug|Any CPU = Debug|Any CPU
		Release|Any CPU = Release|Any CPU
	EndGlobalSection
	GlobalSection(ProjectConfigurationPlatforms) = postSolution
		{27716A22-4959-4A81-B1ED-F6CAD46B68F4}.Debug|Any CPU.ActiveCfg = Debug|Any CPU
		{27716A22-4959-4A81-B1ED-F6CAD46B68F4}.Debug|Any CPU.Build.0 = Debug|Any CPU
		{27716A22-4959-4A81-B1ED-F6CAD46B68F4}.Release|Any CPU.ActiveCfg = Release|Any CPU
		{27716A22-4959-4A81-B1ED-F6CAD46B68F4}.Release|Any CPU.Build.0 = Release|Any CPU
		{80CDD23F-DA5A-4C71-8774-29DFCB7010D5}.Debug|Any CPU.ActiveCfg = Debug|Any CPU
		{80CDD23F-DA5A-4C71-8774-29DFCB7010D5}.Debug|Any CPU.Build.0 = Debug|Any CPU
		{80CDD23F-DA5A-4C71-8774-29DFCB7010D5}.Release|Any CPU.ActiveCfg = Release|Any CPU
		{80CDD23F-DA5A-4C71-8774-29DFCB7010D5}.Release|Any CPU.Build.0 = Release|Any CPU
		{8B0D9059-A6F7-4611-9B64-C6D7F3CE41EB}.Debug|Any CPU.ActiveCfg = Debug|Any CPU
		{8B0D9059-A6F7-4611-9B64-C6D7F3CE41EB}.Debug|Any CPU.Build.0 = Debug|Any CPU
		{8B0D9059-A6F7-4611-9B64-C6D7F3CE41EB}.Release|Any CPU.ActiveCfg = Release|Any CPU
		{8B0D9059-A6F7-4611-9B64-C6D7F3CE41EB}.Release|Any CPU.Build.0 = Release|Any CPU
		{366D6B6A-E167-4C99-A102-FBF3F7094FA7}.Debug|Any CPU.ActiveCfg = Debug|Any CPU
		{366D6B6A-E167-4C99-A102-FBF3F7094FA7}.Debug|Any CPU.Build.0 = Debug|Any CPU
		{366D6B6A-E167-4C99-A102-FBF3F7094FA7}.Release|Any CPU.ActiveCfg = Release|Any CPU
		{366D6B6A-E167-4C99-A102-FBF3F7094FA7}.Release|Any CPU.Build.0 = Release|Any CPU
		{A89A12B8-8A71-4025-9475-C714BFF5F703}.Debug|Any CPU.ActiveCfg = Debug|Any CPU
		{A89A12B8-8A71-4025-9475-C714BFF5F703}.Debug|Any CPU.Build.0 = Debug|Any CPU
		{A89A12B8-8A71-4025-9475-C714BFF5F703}.Release|Any CPU.ActiveCfg = Release|Any CPU
		{A89A12B8-8A71-4025-9475-C714BFF5F703}.Release|Any CPU.Build.0 = Release|Any CPU
	EndGlobalSection
	GlobalSection(SolutionProperties) = preSolution
		HideSolutionNode = FALSE
	EndGlobalSection
	GlobalSection(ExtensibilityGlobals) = postSolution
		SolutionGuid = {3BE5287D-1F10-4032-B9BF-AFB4834E7253}
	EndGlobalSection
EndGlobal
